
Microsoft Visual Studio Solution File, Format Version 12.00
# Visual Studio Version 16
VisualStudioVersion = 16.0.31911.196
MinimumVisualStudioVersion = 10.0.40219.1
Project("{FAE04EC0-301F-11D3-BF4B-00C04F79EFBC}") = "EnergyTrade", "EnergyTrade.csproj", "{F64C7CBD-0760-4594-B1DB-2FF9A37C2535}"
EndProject
Global
	GlobalSection(SolutionConfigurationPlatforms) = preSolution
		Debug|Any CPU = Debug|Any CPU
		Release|Any CPU = Release|Any CPU
	EndGlobalSection
	GlobalSection(ProjectConfigurationPlatforms) = postSolution
		{F64C7CBD-0760-4594-B1DB-2FF9A37C2535}.Debug|Any CPU.ActiveCfg = Debug|Any CPU
		{F64C7CBD-0760-4594-B1DB-2FF9A37C2535}.Debug|Any CPU.Build.0 = Debug|Any CPU
		{F64C7CBD-0760-4594-B1DB-2FF9A37C2535}.Release|Any CPU.ActiveCfg = Release|Any CPU
		{F64C7CBD-0760-4594-B1DB-2FF9A37C2535}.Release|Any CPU.Build.0 = Release|Any CPU
	EndGlobalSection
	GlobalSection(SolutionProperties) = preSolution
		HideSolutionNode = FALSE
	EndGlobalSection
	GlobalSection(ExtensibilityGlobals) = postSolution
		SolutionGuid = {315501EE-4C16-4C2C-8AC1-17969EC67BE7}
	EndGlobalSection
EndGlobal
